# This file is automatically @generated by Poetry 1.6.1 and should not be changed by hand.

[[package]]
name = "cachetools"
version = "7.1.7"
description = "Extensible memoizing collections and decorators"
optional = false
python-versions = ">=3.10"
files = [
    {file = "cachetools-7.1.7-py3-none-any.whl", hash = "sha256:ef98ef375ad188819ef2f9b3645e3987f4b8c5b7550e436ad998c2de78296df0"},
    {file = "cachetools-7.1.7.tar.gz", hash = "sha256:a3e2a00b14d8f8a6b70c1dae7b4685e7ad3bc965c5b42124a2d6ce895da6cf50"},
]

[[package]]
name = "colorama"
version = "0.4.6"
description = "Cross-platform colored terminal text."
optional = false
python-versions = "!=3.0.*,!=3.1.*,!=3.2.*,!=3.3.*,!=3.4.*,!=3.5.*,!=3.6.*,>=2.7"
files = [
    {file = "colorama-0.4.6-py2.py3-none-any.whl", hash = "sha256:4f1d9991f5acc0ca119f9d443620b77f9d6b33703e51011c16baf57afb285fc6"},
    {file = "colorama-0.4.6.tar.gz", hash = "sha256:08695f5cb7ed6e0531a20572697297273c47b8cae5a63ffc6d6ed5c201be6e44"},
]

[[package]]
name = "coverage"
version = "7.15.3"
description = "Code coverage measurement for Python"
optional = false
python-versions = ">=3.10"
files = [
    {file = "coverage-7.15.3-cp310-cp310-macosx_10_9_x86_64.whl", hash = "sha256:3a82b2ceee91ba353e59fe2436d8a9eae799ff9825e5385423ea205d693e2949"},
    {file = "coverage-7.15.3-cp310-cp310-macosx_11_0_arm64.whl", hash = "sha256:3088cce65e54c2eefc08e7e1ca0b0acec1e95e8cf084ac848599103ed0367f74"},
    {file = "coverage-7.15.3-cp310-cp310-manylinux1_i686.manylinux_2_28_i686.manylinux_2_5_i686.whl", hash = "sha256:a65e09efb0b5ab21fc54a8a65c5b2e533c0a4c0d064af0259a005dc656dc1b13"},
    {file = "coverage-7.15.3-cp310-cp310-manylinux1_x86_64.manylinux_2_28_x86_64.manylinux_2_5_x86_64.whl", hash = "sha256:b51f279a2477b0e1f288b98f141fd227acfdd1d3f0370400e473788879b47871"},
    {file = "coverage-7.15.3-cp310-cp310-manylinux2014_aarch64.manylinux_2_17_aarch64.manylinux_2_28_aarch64.whl", hash = "sha256:7835176988cbcf1f014db683bc33aa15e0558e412bf08deaa99757335b88df15"},
    {file = "coverage-7.15.3-cp310-cp310-manylinux2014_ppc64le.manylinux_2_17_ppc64le.manylinux_2_28_ppc64le.whl", hash = "sha256:f24896dc8863167f6732f4142f5d37e6195eccc8fe5fe528d35d49597d29fdb3"},
    {file = "coverage-7.15.3-cp310-cp310-manylinux_2_31_riscv64.manylinux_2_39_riscv64.whl", hash = "sha256:9490d43e5d041fdf376770a886a29722adb05f6b9c21a65c48c81fc8f1c33fd7"},
    {file = "coverage-7.15.3-cp310-cp310-musllinux_1_2_aarch64.whl", hash = "sha256:225e359bd5dedaff6d68e36091af20555866c557d968167308b677379bf575c3"},
    {file = "coverage-7.15.3-cp310-cp310-musllinux_1_2_i686.whl", hash = "sha256:22119e2e3b2ac5ac024d50131fdd4b22ab4c6cf8aa2fc792cce73c0d94c5812d"},
    {file = "coverage-7.15.3-cp310-cp310-musllinux_1_2_ppc64le.whl", hash = "sha256:12d555badc462b0f6037ce8bec8b4af8d71f90eb55b57d0a358731f7ee7883e2"},
    {file = "coverage-7.15.3-cp310-cp310-musllinux_1_2_riscv64.whl", hash = "sha256:c4e2cf9cf774939b3dc581c6e31dfe7e8d7608b24f0f17524d6161f8235c3d2c"},
    {file = "coverage-7.15.3-cp310-cp310-musllinux_1_2_x86_64.whl", hash = "sha256:cea1b3e19d710f67e2ba9ce0b0b51032c2a9b4808a65ced48ddf336ef7e58058"},
    {file = "coverage-7.15.3-cp310-cp310-win32.whl", hash = "sha256:25c77560309f157e7b7ee8fe0bf78d047ba900b7ae42f0e50e559305b366fea2"},
    {file = "coverage-7.15.3-cp310-cp310-win_amd64.whl", hash = "sha256:179fbf847e6c3d90ea71bfd570fe57f1ddb1c51474754894871c1e11099efaa0"},
    {file = "coverage-7.15.3-cp311-cp311-macosx_10_9_x86_64.whl", hash = "sha256:5f3f854ab4599d98f7799ac9b91e34e8ec9ebc9a6372ee8c1f3413a68cc8b5e9"},
    {file = "coverage-7.15.3-cp311-cp311-macosx_11_0_arm64.whl", hash = "sha256:75268348fee1f199653b8a846262aec5581c6bb008c4f58824959fb708cc688f"},
    {file = "coverage-7.15.3-cp311-cp311-manylinux1_i686.manylinux_2_28_i686.manylinux_2_5_i686.whl", hash = "sha256:21081739f6264cc594cad2d42b62befbd17633824022866c68720eb0c4b8d6b4"},
    {file = "coverage-7.15.3-cp311-cp311-manylinux1_x86_64.manylinux_2_28_x86_64.manylinux_2_5_x86_64.whl", hash = "sha256:718d366251b060c10731c7dd359de6caea72250036eb94576aa56dacbf830a11"},
    {file = "coverage-7.15.3-cp311-cp311-manylinux2014_aarch64.manylinux_2_17_aarch64.manylinux_2_28_aarch64.whl", hash = "sha256:fa1bbaa502a6e877f3ee67cbac3eba2bb637f623e454e6c37b81b38896dbd48f"},
    {file = "coverage-7.15.3-cp311-cp311-manylinux2014_ppc64le.manylinux_2_17_ppc64le.manylinux_2_28_ppc64le.whl", hash = "sha256:494880c9e60782610683f4eb9b65cce4f886673596b8f3cb2dfa079fc551c743"},
    {file = "coverage-7.15.3-cp311-cp311-manylinux_2_31_riscv64.manylinux_2_39_riscv64.whl", hash = "sha256:3db264ea689f9e8f9fa4fb9005fee4048c3bff4a547f4cfa27f5086cb0804ec0"},
    {file = "coverage-7.15.3-cp311-cp311-musllinux_1_2_aarch64.whl", hash = "sha256:4e869d4799674d67778e76ddbe2e26cf1673369262e231a8ec259421b1015fea"},
    {file = "coverage-7.15.3-cp311-cp311-musllinux_1_2_i686.whl", hash = "sha256:696fc7a28bbf717aba8d2c6963d26702945c7832cb313ba3b323aa5b1afb3156"},
    {file = "coverage-7.15.3-cp311-cp311-musllinux_1_2_ppc64le.whl", hash = "sha256:3fe9be1c527497d047f770d88a0110189714c36383bb88384508f750c302bffa"},
    {file = "coverage-7.15.3-cp311-cp311-musllinux_1_2_riscv64.whl", hash = "sha256:2400591f4b2e33746c70846388f8bb4c7e33b820e31cb8c6cb2f25305310438b"},
    {file = "coverage-7.15.3-cp311-cp311-musllinux_1_2_x86_64.whl", hash = "sha256:2e557178799282269412a672e5753f2179edfe1b3f0f19b0c98f8e72d482326a"},
    {file = "coverage-7.15.3-cp311-cp311-win32.whl", hash = "sha256:68ea6c947375982ae907e19e9d2ef156bd6e68e11f3566dd568d7f4ec974e715"},
    {file = "coverage-7.15.3-cp311-cp311-win_amd64.whl", hash = "sha256:28743dad31622e8c474b17446118037361f5b1f4f2ecdf72d4f6fde246d64446"},
    {file = "coverage-7.15.3-cp311-cp311-win_arm64.whl", hash = "sha256:c4398918c4fda32718191239e451fd86ac5ad1e8979b592f1921ee2d1f038965"},
    {file = "coverage-7.15.3-cp312-cp312-macosx_10_13_x86_64.whl", hash = "sha256:79a3e32e83227d83d9684459ed579769b56c369ac2d7313099b2d9e031d2e10f"},
    {file = "coverage-7.15.3-cp312-cp312-macosx_11_0_arm64.whl", hash = "sha256:767feb87c5886d781d0a69fafd450a20826ddab7b79bce1665deb64d21441b60"},
    {file = "coverage-7.15.3-cp312-cp312-manylinux1_i686.manylinux_2_28_i686.manylinux_2_5_i686.whl", hash = "sha256:50951e37033c40548d777b8a8454a2cd622dba1136780065678dccaec307c47f"},
    {file = "coverage-7.15.3-cp312-cp312-manylinux1_x86_64.manylinux_2_28_x86_64.manylinux_2_5_x86_64.whl", hash = "sha256:63a4ff67364afb2cac826b8bbd78a5c50ce656a7b7137436b44d7b96a9271088"},
    {file = "coverage-7.15.3-cp312-cp312-manylinux2014_aarch64.manylinux_2_17_aarch64.manylinux_2_28_aarch64.whl", hash = "sha256:6e95e42856509675fe26560310313a6117640e96f9a1e19bb3d220116a27c94c"},
    {file = "coverage-7.15.3-cp312-cp312-manylinux2014_ppc64le.manylinux_2_17_ppc64le.manylinux_2_28_ppc64le.whl", hash = "sha256:abad631cba27094b4631993f4c72e89ac0ca1b3a0236c7abaf8ca79aea619851"},
    {file = "coverage-7.15.3-cp312-cp312-manylinux_2_31_riscv64.manylinux_2_39_riscv64.whl", hash = "sha256:2b0807f1f051dd82a234ad6acdb6f1425baede60be1e84e862496c8cc9262ab9"},
    {file = "coverage-7.15.3-cp312-cp312-musllinux_1_2_aarch64.whl", hash = "sha256:d8d6df7aeb5bc464040bbc9ae173d875785d3677ebc4307817997d622d74225e"},
    {file = "coverage-7.15.3-cp312-cp312-musllinux_1_2_i686.whl", hash = "sha256:974471c506c9f5758808b47c1ebf7949ecd0848f5c1020e78675fefe5ff46866"},
    {file = "coverage-7.15.3-cp312-cp312-musllinux_1_2_ppc64le.whl", hash = "sha256:5cba0c9c13e35c86df7998f1afaf6b1da224a3a39e4da59bdabf60c148046dcb"},
    {file = "coverage-7.15.3-cp312-cp312-musllinux_1_2_riscv64.whl", hash = "sha256:4d608dc36a364dce33acbf4fc3a50f9d2054c945f233bb0a2cdb4b90bfa17646"},
    {file = "coverage-7.15.3-cp312-cp312-musllinux_1_2_x86_64.whl", hash = "sha256:2395869280554a1941da904423c12660c39f721315e1c02d076a7fe0971382f0"},
    {file = "coverage-7.15.3-cp312-cp312-win32.whl", hash = "sha256:24f3b21840c3eb76cef3cc70b2bf6649010c64471a84a446538a39306e1ba04d"},
    {file = "coverage-7.15.3-cp312-cp312-win_amd64.whl", hash = "sha256:fa7b17902c3c1dd8a7adb52679b7f6340bba08443d710c8838e04db8cf62be2a"},
    {file = "coverage-7.15.3-cp312-cp312-win_arm64.whl", hash = "sha256:fcbe83fb7258eacd293bf5322d88807acb35ed12a5cfa99dd8215c083e3b0235"},
    {file = "coverage-7.15.3-cp313-cp313-macosx_10_13_x86_64.whl", hash = "sha256:1182eed05674c63d40951fae27c43e822749f04d25f75df64c2e4fa3168678de"},
    {file = "coverage-7.15.3-cp313-cp313-macosx_11_0_arm64.whl", hash = "sha256:c0c4b0d7c4cd56e470d0c9d8441f42e8a96cdfd95050fec027f1d4dd9f11006c"},
    {file = "coverage-7.15.3-cp313-cp313-manylinux1_i686.manylinux_2_28_i686.manylinux_2_5_i686.whl", hash = "sha256:5c9fce9f4998b0d50a753da765b9215a14decc7863822c89d72da7a89ca625b3"},
    {file = "coverage-7.15.3-cp313-cp313-manylinux1_x86_64.manylinux_2_28_x86_64.manylinux_2_5_x86_64.whl", hash = "sha256:7a47e2a0a0ace9241e70ee00e44520f88b843094603dd54303f1bafecd929c30"},
    {file = "coverage-7.15.3-cp313-cp313-manylinux2014_aarch64.manylinux_2_17_aarch64.manylinux_2_28_aarch64.whl", hash = "sha256:95bad94f83807ae60ed76f3ac012f69b2605ac9ea81bee959a5a483f7fa09c10"},
    {file = "coverage-7.15.3-cp313-cp313-manylinux2014_ppc64le.manylinux_2_17_ppc64le.manylinux_2_28_ppc64le.whl", hash = "sha256:228e172a76c428bb17d1ab78a2ff188990b0597e5dbd291f52a4edf7412de049"},
    {file = "coverage-7.15.3-cp313-cp313-manylinux_2_31_riscv64.manylinux_2_39_riscv64.whl", hash = "sha256:cea9fb33887c99349996266f1fd60abe5af3577a90633392001d27ef46b4b66e"},
    {file = "coverage-7.15.3-cp313-cp313-musllinux_1_2_aarch64.whl", hash = "sha256:81760de3155d7f52c21860c4046628dc6bed182f72e3c028e2b4fd46f65aa040"},
    {file = "coverage-7.15.3-cp313-cp313-musllinux_1_2_i686.whl", hash = "sha256:b47ea0a1d3a3d089826c6cbfad8429d7d8872e28e86baa95ddef330f6875da21"},
    {file = "coverage-7.15.3-cp313-cp313-musllinux_1_2_ppc64le.whl", hash = "sha256:5459ba486b2a5d58a6c05254779ecdf525e7f20174d0210ceda75ba40fdb8f2c"},
    {file = "coverage-7.15.3-cp313-cp313-musllinux_1_2_riscv64.whl", hash = "sha256:c59209f80a08dbfcdd5109a80dc623cd3b9d22895c85757d34f57a6e6e95570f"},
    {file = "coverage-7.15.3-cp313-cp313-musllinux_1_2_x86_64.whl", hash = "sha256:f863856c1779d4a5bb6a94698a2f9073e09c6706501f76f3e7780e72df97d21c"},
    {file = "coverage-7.15.3-cp313-cp313-win32.whl", hash = "sha256:00cbdc5e322927dc30c5e42b863819b1bb867cc66f26ab5372c585850876ab93"},
    {file = "coverage-7.15.3-cp313-cp313-win_amd64.whl", hash = "sha256:835528518a1d823cf336740324b2f335f7c01e609e74abcb5d5163b3e66661e3"},
    {file = "coverage-7.15.3-cp313-cp313-win_arm64.whl", hash = "sha256:0d2e1f2cbbf36b842f3e2aff8d118c60d677adb498bc6c7fa9c6838738f82767"},
    {file = "coverage-7.15.3-cp314-cp314-macosx_10_15_x86_64.whl", hash = "sha256:1e3bb08ad574bd9fb6a991f645728f70d333c1c1958dd5fcde65e24cb862813d"},
    {file = "coverage-7.15.3-cp314-cp314-macosx_11_0_arm64.whl", hash = "sha256:9e5860eaff02a0b7f1b73304bdf846596ee62ab3a78d25c68044ebf684cb1fef"},
    {file = "coverage-7.15.3-cp314-cp314-manylinux1_i686.manylinux_2_28_i686.manylinux_2_5_i686.whl", hash = "sha256:60874e5bd67f0b1bdbe42ab42c7bafa66a6fb8de88721af6df3f7a02713960cd"},
    {file = "coverage-7.15.3-cp314-cp314-manylinux1_x86_64.manylinux_2_28_x86_64.manylinux_2_5_x86_64.whl", hash = "sha256:f9147be876e9d83765e0b82176674dc248a6b9283e25e01e7462611b97e9b731"},
    {file = "coverage-7.15.3-cp314-cp314-manylinux2014_aarch64.manylinux_2_17_aarch64.manylinux_2_28_aarch64.whl", hash = "sha256:61a01f8c3804760fcc5a3d31c4f3cab792d660d44e17bf7adeaf0ea51e07821e"},
    {file = "coverage-7.15.3-cp314-cp314-manylinux2014_ppc64le.manylinux_2_17_ppc64le.manylinux_2_28_ppc64le.whl", hash = "sha256:95bf3e7f26f792e25eb185f85a5a659d48479265176dcfe22b6f334fd0081b5c"},
    {file = "coverage-7.15.3-cp314-cp314-manylinux_2_31_riscv64.manylinux_2_39_riscv64.whl", hash = "sha256:44c41eff9e413fed8740eca75d5438ebeb9d3e45e7cd37c67329213e7a72c764"},
    {file = "coverage-7.15.3-cp314-cp314-musllinux_1_2_aarch64.whl", hash = "sha256:54146bafb61f3ba9895b43af0dd17eba01561d586d44ce84ea221b0cbbee5a9e"},
    {file = "coverage-7.15.3-cp314-cp314-musllinux_1_2_i686.whl", hash = "sha256:af000dd1bb859ff8066fda4c79512ff938c798116540307226b373099c7b151f"},
    {file = "coverage-7.15.3-cp314-cp314-musllinux_1_2_ppc64le.whl", hash = "sha256:a1b82490577f3889950b5a04f18712aef0207243e0749d60fe28c3c73ebfd5fd"},
    {file = "coverage-7.15.3-cp314-cp314-musllinux_1_2_riscv64.whl", hash = "sha256:c4fc90a60154c3e4b8a2dc206d6dbe852f1c235c249e0dc0cef909d032c9591a"},
    {file = "coverage-7.15.3-cp314-cp314-musllinux_1_2_x86_64.whl", hash = "sha256:f25bb884814a892948b4c20394db3f2364dd452d9492736479e7a493e63b0eb6"},
    {file = "coverage-7.15.3-cp314-cp314-win32.whl", hash = "sha256:722dbf8e7828fbcfe0dc8586167dc0a5ce85ad6ea171dbb21ed3f8d6581d3cb8"},
    {file = "coverage-7.15.3-cp314-cp314-win_amd64.whl", hash = "sha256:64d0845f9c3ed47302bed265c15ab4dbb64aa4ec1490839b8e328f4e7fa914d2"},
    {file = "coverage-7.15.3-cp314-cp314-win_arm64.whl", hash = "sha256:69bc14684f8fbbee9f9dbaa4fe79719b0da9725fc37956785c06ec365acf6926"},
    {file = "coverage-7.15.3-cp314-cp314t-macosx_10_15_x86_64.whl", hash = "sha256:f92df943c24b96cb215ca26b4f6a2283e63c5db80f1635aceea7fff11311917b"},
    {file = "coverage-7.15.3-cp314-cp314t-macosx_11_0_arm64.whl", hash = "sha256:66591c46bdd2971d3ae2bc503a5f0459c2edcaf6b7e045b292000cc95bc6cb95"},
    {file = "coverage-7.15.3-cp314-cp314t-manylinux1_i686.manylinux_2_28_i686.manylinux_2_5_i686.whl", hash = "sha256:caa64458b81b18bfc67cdf1f6dc02b23e3edc672f2f8e11771fad75865415a43"},
    {file = "coverage-7.15.3-cp314-cp314t-manylinux1_x86_64.manylinux_2_28_x86_64.manylinux_2_5_x86_64.whl", hash = "sha256:447f5421ccf5475956cf516d4ca1d575f487947b6f4e11f9d80c6aefe24b3dc8"},
    {file = "coverage-7.15.3-cp314-cp314t-manylinux2014_aarch64.manylinux_2_17_aarch64.manylinux_2_28_aarch64.whl", hash = "sha256:7a0c77ef8cd483a4987a5d12d1d9d5f7ee598dfdc6c0844417d847e5768dc779"},
    {file = "coverage-7.15.3-cp314-cp314t-manylinux2014_ppc64le.manylinux_2_17_ppc64le.manylinux_2_28_ppc64le.whl", hash = "sha256:0b273f4ff657446a06c2d85bf80e134fa869a92852ba5f87854a70e1fb44da77"},
    {file = "coverage-7.15.3-cp314-cp314t-manylinux_2_31_riscv64.manylinux_2_39_riscv64.whl", hash = "sha256:daea8c4fafa22488600405be2c2be525a9406fba3fc0a83acc726db3e14e2005"},
    {file = "coverage-7.15.3-cp314-cp314t-musllinux_1_2_aarch64.whl", hash = "sha256:93ff57c530f3fa7aa69f92fb9b8892b8aa82712aa970842f4abf28657f42fb57"},
    {file = "coverage-7.15.3-cp314-cp314t-musllinux_1_2_i686.whl", hash = "sha256:4df21bef8b800eebda9018f53d49c9ace3aeb0090c850139b27923aafcb83e91"},
    {file = "coverage-7.15.3-cp314-cp314t-musllinux_1_2_ppc64le.whl", hash = "sha256:db567b02685f26034adcbd85055f80d12cdf02111b8ed00886093d98b2874ce2"},
    {file = "coverage-7.15.3-cp314-cp314t-musllinux_1_2_riscv64.whl", hash = "sha256:5318dd51b8600b947e058cf5a4fe54d183d9d13c49b97b64ca7be05a34df9bef"},
    {file = "coverage-7.15.3-cp314-cp314t-musllinux_1_2_x86_64.whl", hash = "sha256:c995bfa383c54704839b6c4c2627a1c00895597ada0e5e8190c81d8bd620555c"},
    {file = "coverage-7.15.3-cp314-cp314t-win32.whl", hash = "sha256:6433fafb8da0e1d02eb53411e0ecdadb6b88f0224fdc23317e703c0e88937d42"},
    {file = "coverage-7.15.3-cp314-cp314t-win_amd64.whl", hash = "sha256:fe578952b1b29fe8c777f43f241d49efac4b56724a3434f5d22ebe3c208df429"},
    {file = "coverage-7.15.3-cp314-cp314t-win_arm64.whl", hash = "sha256:d2e1acb7aee29dfa8f3e48c23f36670898baca1209d9bdd3985a50c7f982165e"},
    {file = "coverage-7.15.3-py3-none-any.whl", hash = "sha256:da78fa6fc7dafe4212839173133ee85afcf42c5cd5f3e47fa7c1c210453b445e"},
    {file = "coverage-7.15.3.tar.gz", hash = "sha256:ae7ea5a4614acf399ef0483c4cb34f8f8f01df848d8fcbe7d3ce0865733f1c4d"},
]

[package.extras]
toml = ["tomli"]

[[package]]
name = "distlib"
version = "0.4.3"
description = "Distribution utilities"
optional = false
python-versions = "*"
files = [
    {file = "distlib-0.4.3-py2.py3-none-any.whl", hash = "sha256:4b0ce306c966eb73bc3a7b6abad017c556dadd92c44701562cd528ac7fde4d5b"},
    {file = "distlib-0.4.3.tar.gz", hash = "sha256:f152097224a0ae24be5a0f6bae1b9359af82133bce63f98a95f86cae1aede9ed"},
]

[[package]]
name = "filelock"
version = "3.32.2"
description = "A platform independent file lock."
optional = false
python-versions = ">=3.10"
files = [
    {file = "filelock-3.32.2-py3-none-any.whl", hash = "sha256:87dd94cf281e586d135fa51132b8e3d9a598b316e90377a288663c9321036c82"},
    {file = "filelock-3.32.2.tar.gz", hash = "sha256:c33351e1f49cae33414acbc6d56784e6ecee82514ec90795da1161fc4836b5b8"},
]

[[package]]
name = "flake8"
version = "7.3.0"
description = "the modular source code checker: pep8 pyflakes and co"
optional = false
python-versions = ">=3.9"
files = [
    {file = "flake8-7.3.0-py2.py3-none-any.whl", hash = "sha256:b9696257b9ce8beb888cdbe31cf885c90d31928fe202be0889a7cdafad32f01e"},
    {file = "flake8-7.3.0.tar.gz", hash = "sha256:fe044858146b9fc69b551a4b490d69cf960fcb78ad1edcb84e7fbb1b4a8e3872"},
]

[package.dependencies]
mccabe = ">=0.7.0,<0.8.0"
pycodestyle = ">=2.14.0,<2.15.0"
pyflakes = ">=3.4.0,<3.5.0"

[[package]]
name = "flake8-docstrings"
version = "1.7.0"
description = "Extension for flake8 which uses pydocstyle to check docstrings"
optional = false
python-versions = ">=3.7"
files = [
    {file = "flake8_docstrings-1.7.0-py2.py3-none-any.whl", hash = "sha256:51f2344026da083fc084166a9353f5082b01f72901df422f74b4d953ae88ac75"},
    {file = "flake8_docstrings-1.7.0.tar.gz", hash = "sha256:4c8cc748dc16e6869728699e5d0d685da9a10b0ea718e090b1ba088e67a941af"},
]

[package.dependencies]
flake8 = ">=3"
pydocstyle = ">=2.1"

[[package]]
name = "flake8-polyfill"
version = "1.0.2"
description = "Polyfill package for Flake8 plugins"
optional = false
python-versions = "*"
files = [
    {file = "flake8-polyfill-1.0.2.tar.gz", hash = "sha256:e44b087597f6da52ec6393a709e7108b2905317d0c0b744cdca6208e670d8eda"},
    {file = "flake8_polyfill-1.0.2-py2.py3-none-any.whl", hash = "sha256:12be6a34ee3ab795b19ca73505e7b55826d5f6ad7230d31b18e106400169b9e9"},
]

[package.dependencies]
flake8 = "*"

[[package]]
name = "jinja2"
version = "3.1.6"
description = "A very fast and expressive template engine."
optional = false
python-versions = ">=3.7"
files = [
    {file = "jinja2-3.1.6-py3-none-any.whl", hash = "sha256:85ece4451f492d0c13c5dd7c13a64681a86afae63a5f347908daf103ce6d2f67"},
    {file = "jinja2-3.1.6.tar.gz", hash = "sha256:0137fb05990d35f1275a587e9aee6d56da821fc83491a0fb838183be43f66d6d"},
]

[package.dependencies]
MarkupSafe = ">=2.0"

[package.extras]
i18n = ["Babel (>=2.7)"]

[[package]]
name = "markupsafe"
version = "3.0.3"
description = "Safely add untrusted strings to HTML/XML markup."
optional = false
python-versions = ">=3.9"
files = [
    {file = "markupsafe-3.0.3-cp310-cp310-macosx_10_9_x86_64.whl", hash = "sha256:2f981d352f04553a7171b8e44369f2af4055f888dfb147d55e42d29e29e74559"},
    {file = "markupsafe-3.0.3-cp310-cp310-macosx_11_0_arm64.whl", hash = "sha256:e1c1493fb6e50ab01d20a22826e57520f1284df32f2d8601fdd90b6304601419"},
    {file = "markupsafe-3.0.3-cp310-cp310-manylinux2014_aarch64.manylinux_2_17_aarch64.manylinux_2_28_aarch64.whl", hash = "sha256:1ba88449deb3de88bd40044603fafffb7bc2b055d626a330323a9ed736661695"},
    {file = "markupsafe-3.0.3-cp310-cp310-manylinux2014_x86_64.manylinux_2_17_x86_64.manylinux_2_28_x86_64.whl", hash = "sha256:f42d0984e947b8adf7dd6dde396e720934d12c506ce84eea8476409563607591"},
    {file = "markupsafe-3.0.3-cp310-cp310-manylinux_2_31_riscv64.manylinux_2_39_riscv64.whl", hash = "sha256:c0c0b3ade1c0b13b936d7970b1d37a57acde9199dc2aecc4c336773e1d86049c"},
    {file = "markupsafe-3.0.3-cp310-cp310-musllinux_1_2_aarch64.whl", hash = "sha256:0303439a41979d9e74d18ff5e2dd8c43ed6c6001fd40e5bf2e43f7bd9bbc523f"},
    {file = "markupsafe-3.0.3-cp310-cp310-musllinux_1_2_riscv64.whl", hash = "sha256:d2ee202e79d8ed691ceebae8e0486bd9a2cd4794cec4824e1c99b6f5009502f6"},
    {file = "markupsafe-3.0.3-cp310-cp310-musllinux_1_2_x86_64.whl", hash = "sha256:177b5253b2834fe3678cb4a5f0059808258584c559193998be2601324fdeafb1"},
    {file = "markupsafe-3.0.3-cp310-cp310-win32.whl", hash = "sha256:2a15a08b17dd94c53a1da0438822d70ebcd13f8c3a95abe3a9ef9f11a94830aa"},
    {file = "markupsafe-3.0.3-cp310-cp310-win_amd64.whl", hash = "sha256:c4ffb7ebf07cfe8931028e3e4c85f0357459a3f9f9490886198848f4fa002ec8"},
    {file = "markupsafe-3.0.3-cp310-cp310-win_arm64.whl", hash = "sha256:e2103a929dfa2fcaf9bb4e7c091983a49c9ac3b19c9061b6d5427dd7d14d81a1"},
    {file = "markupsafe-3.0.3-cp311-cp311-macosx_10_9_x86_64.whl", hash = "sha256:1cc7ea17a6824959616c525620e387f6dd30fec8cb44f649e31712db02123dad"},
    {file = "markupsafe-3.0.3-cp311-cp311-macosx_11_0_arm64.whl", hash = "sha256:4bd4cd07944443f5a265608cc6aab442e4f74dff8088b0dfc8238647b8f6ae9a"},
    {file = "markupsafe-3.0.3-cp311-cp311-manylinux2014_aarch64.manylinux_2_17_aarch64.manylinux_2_28_aarch64.whl", hash = "sha256:6b5420a1d9450023228968e7e6a9ce57f65d148ab56d2313fcd589eee96a7a50"},
    {file = "markupsafe-3.0.3-cp311-cp311-manylinux2014_x86_64.manylinux_2_17_x86_64.manylinux_2_28_x86_64.whl", hash = "sha256:0bf2a864d67e76e5c9a34dc26ec616a66b9888e25e7b9460e1c76d3293bd9dbf"},
    {file = "markupsafe-3.0.3-cp311-cp311-manylinux_2_31_riscv64.manylinux_2_39_riscv64.whl", hash = "sha256:bc51efed119bc9cfdf792cdeaa4d67e8f6fcccab66ed4bfdd6bde3e59bfcbb2f"},
    {file = "markupsafe-3.0.3-cp311-cp311-musllinux_1_2_aarch64.whl", hash = "sha256:068f375c472b3e7acbe2d5318dea141359e6900156b5b2ba06a30b169086b91a"},
    {file = "markupsafe-3.0.3-cp311-cp311-musllinux_1_2_riscv64.whl", hash = "sha256:7be7b61bb172e1ed687f1754f8e7484f1c8019780f6f6b0786e76bb01c2ae115"},
    {file = "markupsafe-3.0.3-cp311-cp311-musllinux_1_2_x86_64.whl", hash = "sha256:f9e130248f4462aaa8e2552d547f36ddadbeaa573879158d721bbd33dfe4743a"},
    {file = "markupsafe-3.0.3-cp311-cp311-win32.whl", hash = "sha256:0db14f5dafddbb6d9208827849fad01f1a2609380add406671a26386cdf15a19"},
    {file = "markupsafe-3.0.3-cp311-cp311-win_amd64.whl", hash = "sha256:de8a88e63464af587c950061a5e6a67d3632e36df62b986892331d4620a35c01"},
    {file = "markupsafe-3.0.3-cp311-cp311-win_arm64.whl", hash = "sha256:3b562dd9e9ea93f13d53989d23a7e775fdfd1066c33494ff43f5418bc8c58a5c"},
    {file = "markupsafe-3.0.3-cp312-cp312-macosx_10_13_x86_64.whl", hash = "sha256:d53197da72cc091b024dd97249dfc7794d6a56530370992a5e1a08983ad9230e"},
    {file = "markupsafe-3.0.3-cp312-cp312-macosx_11_0_arm64.whl", hash = "sha256:1872df69a4de6aead3491198eaf13810b565bdbeec3ae2dc8780f14458ec73ce"},
    {file = "markupsafe-3.0.3-cp312-cp312-manylinux2014_aarch64.manylinux_2_17_aarch64.manylinux_2_28_aarch64.whl", hash = "sha256:3a7e8ae81ae39e62a41ec302f972ba6ae23a5c5396c8e60113e9066ef893da0d"},
    {file = "markupsafe-3.0.3-cp312-cp312-manylinux2014_x86_64.manylinux_2_17_x86_64.manylinux_2_28_x86_64.whl", hash = "sha256:d6dd0be5b5b189d31db7cda48b91d7e0a9795f31430b7f271219ab30f1d3ac9d"},
    {file = "markupsafe-3.0.3-cp312-cp312-manylinux_2_31_riscv64.manylinux_2_39_riscv64.whl", hash = "sha256:94c6f0bb423f739146aec64595853541634bde58b2135f27f61c1ffd1cd4d16a"},
    {file = "markupsafe-3.0.3-cp312-cp312-musllinux_1_2_aarch64.whl", hash = "sha256:be8813b57049a7dc738189df53d69395eba14fb99345e0a5994914a3864c8a4b"},
    {file = "markupsafe-3.0.3-cp312-cp312-musllinux_1_2_riscv64.whl", hash = "sha256:83891d0e9fb81a825d9a6d61e3f07550ca70a076484292a70fde82c4b807286f"},
    {file = "markupsafe-3.0.3-cp312-cp312-musllinux_1_2_x86_64.whl", hash = "sha256:77f0643abe7495da77fb436f50f8dab76dbc6e5fd25d39589a0f1fe6548bfa2b"},
    {file = "markupsafe-3.0.3-cp312-cp312-win32.whl", hash = "sha256:d88b440e37a16e651bda4c7c2b930eb586fd15ca7406cb39e211fcff3bf3017d"},
    {file = "markupsafe-3.0.3-cp312-cp312-win_amd64.whl", hash = "sha256:26a5784ded40c9e318cfc2bdb30fe164bdb8665ded9cd64d500a34fb42067b1c"},
    {file = "markupsafe-3.0.3-cp312-cp312-win_arm64.whl", hash = "sha256:35add3b638a5d900e807944a078b51922212fb3dedb01633a8defc4b01a3c85f"},
    {file = "markupsafe-3.0.3-cp313-cp313-macosx_10_13_x86_64.whl", hash = "sha256:e1cf1972137e83c5d4c136c43ced9ac51d0e124706ee1c8aa8532c1287fa8795"},
    {file = "markupsafe-3.0.3-cp313-cp313-macosx_11_0_arm64.whl", hash = "sha256:116bb52f642a37c115f517494ea5feb03889e04df47eeff5b130b1808ce7c219"},
    {file = "markupsafe-3.0.3-cp313-cp313-manylinux2014_aarch64.manylinux_2_17_aarch64.manylinux_2_28_aarch64.whl", hash = "sha256:133a43e73a802c5562be9bbcd03d090aa5a1fe899db609c29e8c8d815c5f6de6"},
    {file = "markupsafe-3.0.3-cp313-cp313-manylinux2014_x86_64.manylinux_2_17_x86_64.manylinux_2_28_x86_64.whl", hash = "sha256:ccfcd093f13f0f0b7fdd0f198b90053bf7b2f02a3927a30e63f3ccc9df56b676"},
    {file = "markupsafe-3.0.3-cp313-cp313-manylinux_2_31_riscv64.manylinux_2_39_riscv64.whl", hash = "sha256:509fa21c6deb7a7a273d629cf5ec029bc209d1a51178615ddf718f5918992ab9"},
    {file = "markupsafe-3.0.3-cp313-cp313-musllinux_1_2_aarch64.whl", hash = "sha256:a4afe79fb3de0b7097d81da19090f4df4f8d3a2b3adaa8764138aac2e44f3af1"},
    {file = "markupsafe-3.0.3-cp313-cp313-musllinux_1_2_riscv64.whl", hash = "sha256:795e7751525cae078558e679d646ae45574b47ed6e7771863fcc079a6171a0fc"},
    {file = "markupsafe-3.0.3-cp313-cp313-musllinux_1_2_x86_64.whl", hash = "sha256:8485f406a96febb5140bfeca44a73e3ce5116b2501ac54fe953e488fb1d03b12"},
    {file = "markupsafe-3.0.3-cp313-cp313-win32.whl", hash = "sha256:bdd37121970bfd8be76c5fb069c7751683bdf373db1ed6c010162b2a130248ed"},
    {file = "markupsafe-3.0.3-cp313-cp313-win_amd64.whl", hash = "sha256:9a1abfdc021a164803f4d485104931fb8f8c1efd55bc6b748d2f5774e78b62c5"},
    {file = "markupsafe-3.0.3-cp313-cp313-win_arm64.whl", hash = "sha256:7e68f88e5b8799aa49c85cd116c932a1ac15caaa3f5db09087854d218359e485"},
    {file = "markupsafe-3.0.3-cp313-cp313t-macosx_10_13_x86_64.whl", hash = "sha256:218551f6df4868a8d527e3062d0fb968682fe92054e89978594c28e642c43a73"},
    {file = "markupsafe-3.0.3-cp313-cp313t-macosx_11_0_arm64.whl", hash = "sha256:3524b778fe5cfb3452a09d31e7b5adefeea8c5be1d43c4f810ba09f2ceb29d37"},
    {file = "markupsafe-3.0.3-cp313-cp313t-manylinux2014_aarch64.manylinux_2_17_aarch64.manylinux_2_28_aarch64.whl", hash = "sha256:4e885a3d1efa2eadc93c894a21770e4bc67899e3543680313b09f139e149ab19"},
    {file = "markupsafe-3.0.3-cp313-cp313t-manylinux2014_x86_64.manylinux_2_17_x86_64.manylinux_2_28_x86_64.whl", hash = "sha256:8709b08f4a89aa7586de0aadc8da56180242ee0ada3999749b183aa23df95025"},
    {file = "markupsafe-3.0.3-cp313-cp313t-manylinux_2_31_riscv64.manylinux_2_39_riscv64.whl", hash = "sha256:b8512a91625c9b3da6f127803b166b629725e68af71f8184ae7e7d54686a56d6"},
    {file = "markupsafe-3.0.3-cp313-cp313t-musllinux_1_2_aarch64.whl", hash = "sha256:9b79b7a16f7fedff2495d684f2b59b0457c3b493778c9eed31111be64d58279f"},
    {file = "markupsafe-3.0.3-cp313-cp313t-musllinux_1_2_riscv64.whl", hash = "sha256:12c63dfb4a98206f045aa9563db46507995f7ef6d83b2f68eda65c307c6829eb"},
    {file = "markupsafe-3.0.3-cp313-cp313t-musllinux_1_2_x86_64.whl", hash = "sha256:8f71bc33915be5186016f675cd83a1e08523649b0e33efdb898db577ef5bb009"},
    {file = "markupsafe-3.0.3-cp313-cp313t-win32.whl", hash = "sha256:69c0b73548bc525c8cb9a251cddf1931d1db4d2258e9599c28c07ef3580ef354"},
    {file = "markupsafe-3.0.3-cp313-cp313t-win_amd64.whl", hash = "sha256:1b4b79e8ebf6b55351f0d91fe80f893b4743f104bff22e90697db1590e47a218"},
    {file = "markupsafe-3.0.3-cp313-cp313t-win_arm64.whl", hash = "sha256:ad2cf8aa28b8c020ab2fc8287b0f823d0a7d8630784c31e9ee5edea20f406287"},
    {file = "markupsafe-3.0.3-cp314-cp314-macosx_10_13_x86_64.whl", hash = "sha256:eaa9599de571d72e2daf60164784109f19978b327a3910d3e9de8c97b5b70cfe"},
    {file = "markupsafe-3.0.3-cp314-cp314-macosx_11_0_arm64.whl", hash = "sha256:c47a551199eb8eb2121d4f0f15ae0f923d31350ab9280078d1e5f12b249e0026"},
    {file = "markupsafe-3.0.3-cp314-cp314-manylinux2014_aarch64.manylinux_2_17_aarch64.manylinux_2_28_aarch64.whl", hash = "sha256:f34c41761022dd093b4b6896d4810782ffbabe30f2d443ff5f083e0cbbb8c737"},
    {file = "markupsafe-3.0.3-cp314-cp314-manylinux2014_x86_64.manylinux_2_17_x86_64.manylinux_2_28_x86_64.whl", hash = "sha256:457a69a9577064c05a97c41f4e65148652db078a3a509039e64d3467b9e7ef97"},
    {file = "markupsafe-3.0.3-cp314-cp314-manylinux_2_31_riscv64.manylinux_2_39_riscv64.whl", hash = "sha256:e8afc3f2ccfa24215f8cb28dcf43f0113ac3c37c2f0f0806d8c70e4228c5cf4d"},
    {file = "markupsafe-3.0.3-cp314-cp314-musllinux_1_2_aarch64.whl", hash = "sha256:ec15a59cf5af7be74194f7ab02d0f59a62bdcf1a537677ce67a2537c9b87fcda"},
    {file = "markupsafe-3.0.3-cp314-cp314-musllinux_1_2_riscv64.whl", hash = "sha256:0eb9ff8191e8498cca014656ae6b8d61f39da5f95b488805da4bb029cccbfbaf"},
    {file = "markupsafe-3.0.3-cp314-cp314-musllinux_1_2_x86_64.whl", hash = "sha256:2713baf880df847f2bece4230d4d094280f4e67b1e813eec43b4c0e144a34ffe"},
    {file = "markupsafe-3.0.3-cp314-cp314-win32.whl", hash = "sha256:729586769a26dbceff69f7a7dbbf59ab6572b99d94576a5592625d5b411576b9"},
    {file = "markupsafe-3.0.3-cp314-cp314-win_amd64.whl", hash = "sha256:bdc919ead48f234740ad807933cdf545180bfbe9342c2bb451556db2ed958581"},
    {file = "markupsafe-3.0.3-cp314-cp314-win_arm64.whl", hash = "sha256:5a7d5dc5140555cf21a6fefbdbf8723f06fcd2f63ef108f2854de715e4422cb4"},
    {file = "markupsafe-3.0.3-cp314-cp314t-macosx_10_13_x86_64.whl", hash = "sha256:1353ef0c1b138e1907ae78e2f6c63ff67501122006b0f9abad68fda5f4ffc6ab"},
    {file = "markupsafe-3.0.3-cp314-cp314t-macosx_11_0_arm64.whl", hash = "sha256:1085e7fbddd3be5f89cc898938f42c0b3c711fdcb37d75221de2666af647c175"},
    {file = "markupsafe-3.0.3-cp314-cp314t-manylinux2014_aarch64.manylinux_2_17_aarch64.manylinux_2_28_aarch64.whl", hash = "sha256:1b52b4fb9df4eb9ae465f8d0c228a00624de2334f216f178a995ccdcf82c4634"},
    {file = "markupsafe-3.0.3-cp314-cp314t-manylinux2014_x86_64.manylinux_2_17_x86_64.manylinux_2_28_x86_64.whl", hash = "sha256:fed51ac40f757d41b7c48425901843666a6677e3e8eb0abcff09e4ba6e664f50"},
    {file = "markupsafe-3.0.3-cp314-cp314t-manylinux_2_31_riscv64.manylinux_2_39_riscv64.whl", hash = "sha256:f190daf01f13c72eac4efd5c430a8de82489d9cff23c364c3ea822545032993e"},
    {file = "markupsafe-3.0.3-cp314-cp314t-musllinux_1_2_aarch64.whl", hash = "sha256:e56b7d45a839a697b5eb268c82a71bd8c7f6c94d6fd50c3d577fa39a9f1409f5"},
    {file = "markupsafe-3.0.3-cp314-cp314t-musllinux_1_2_riscv64.whl", hash = "sha256:f3e98bb3798ead92273dc0e5fd0f31ade220f59a266ffd8a4f6065e0a3ce0523"},
    {file = "markupsafe-3.0.3-cp314-cp314t-musllinux_1_2_x86_64.whl", hash = "sha256:5678211cb9333a6468fb8d8be0305520aa073f50d17f089b5b4b477ea6e67fdc"},
    {file = "markupsafe-3.0.3-cp314-cp314t-win32.whl", hash = "sha256:915c04ba3851909ce68ccc2b8e2cd691618c4dc4c4232fb7982bca3f41fd8c3d"},
    {file = "markupsafe-3.0.3-cp314-cp314t-win_amd64.whl", hash = "sha256:4faffd047e07c38848ce017e8725090413cd80cbc23d86e55c587bf979e579c9"},
    {file = "markupsafe-3.0.3-cp314-cp314t-win_arm64.whl", hash = "sha256:32001d6a8fc98c8cb5c947787c5d08b0a50663d139f1305bac5885d98d9b40fa"},
    {file = "markupsafe-3.0.3-cp39-cp39-macosx_10_9_x86_64.whl", hash = "sha256:15d939a21d546304880945ca1ecb8a039db6b4dc49b2c5a400387cdae6a62e26"},
    {file = "markupsafe-3.0.3-cp39-cp39-macosx_11_0_arm64.whl", hash = "sha256:f71a396b3bf33ecaa1626c255855702aca4d3d9fea5e051b41ac59a9c1c41edc"},
    {file = "markupsafe-3.0.3-cp39-cp39-manylinux2014_aarch64.manylinux_2_17_aarch64.manylinux_2_28_aarch64.whl", hash = "sha256:0f4b68347f8c5eab4a13419215bdfd7f8c9b19f2b25520968adfad23eb0ce60c"},
    {file = "markupsafe-3.0.3-cp39-cp39-manylinux2014_x86_64.manylinux_2_17_x86_64.manylinux_2_28_x86_64.whl", hash = "sha256:e8fc20152abba6b83724d7ff268c249fa196d8259ff481f3b1476383f8f24e42"},
    {file = "markupsafe-3.0.3-cp39-cp39-manylinux_2_31_riscv64.manylinux_2_39_riscv64.whl", hash = "sha256:949b8d66bc381ee8b007cd945914c721d9aba8e27f71959d750a46f7c282b20b"},
    {file = "markupsafe-3.0.3-cp39-cp39-musllinux_1_2_aarch64.whl", hash = "sha256:3537e01efc9d4dccdf77221fb1cb3b8e1a38d5428920e0657ce299b20324d758"},
    {file = "markupsafe-3.0.3-cp39-cp39-musllinux_1_2_riscv64.whl", hash = "sha256:591ae9f2a647529ca990bc681daebdd52c8791ff06c2bfa05b65163e28102ef2"},
    {file = "markupsafe-3.0.3-cp39-cp39-musllinux_1_2_x86_64.whl", hash = "sha256:a320721ab5a1aba0a233739394eb907f8c8da5c98c9181d1161e77a0c8e36f2d"},
    {file = "markupsafe-3.0.3-cp39-cp39-win32.whl", hash = "sha256:df2449253ef108a379b8b5d6b43f4b1a8e81a061d6537becd5582fba5f9196d7"},
    {file = "markupsafe-3.0.3-cp39-cp39-win_amd64.whl", hash = "sha256:7c3fb7d25180895632e5d3148dbdc29ea38ccb7fd210aa27acbd1201a1902c6e"},
    {file = "markupsafe-3.0.3-cp39-cp39-win_arm64.whl", hash = "sha256:38664109c14ffc9e7437e86b4dceb442b0096dfe3541d7864d9cbe1da4cf36c8"},
    {file = "markupsafe-3.0.3.tar.gz", hash = "sha256:722695808f4b6457b320fdc131280796bdceb04ab50fe1795cd540799ebe1698"},
]

[[package]]
name = "mccabe"
version = "0.7.0"
description = "McCabe checker, plugin for flake8"
optional = false
python-versions = ">=3.6"
files = [
    {file = "mccabe-0.7.0-py2.py3-none-any.whl", hash = "sha256:6c2d30ab6be0e4a46919781807b4f0d834ebdd6c6e3dca0bda5a15f863427b6e"},
    {file = "mccabe-0.7.0.tar.gz", hash = "sha256:348e0240c33b60bbdf4e523192ef919f28cb2c3d7d5c7794f74009290f236325"},
]

[[package]]
name = "packaging"
version = "26.2"
description = "Core utilities for Python packages"
optional = false
python-versions = ">=3.8"
files = [
    {file = "packaging-26.2-py3-none-any.whl", hash = "sha256:5fc45236b9446107ff2415ce77c807cee2862cb6fac22b8a73826d0693b0980e"},
    {file = "packaging-26.2.tar.gz", hash = "sha256:ff452ff5a3e828ce110190feff1178bb1f2ea2281fa2075aadb987c2fb221661"},
]

[[package]]
name = "platformdirs"
version = "4.11.0"
description = "A small Python package for determining appropriate platform-specific dirs, e.g. a `user data dir`."
optional = false
python-versions = ">=3.10"
files = [
    {file = "platformdirs-4.11.0-py3-none-any.whl", hash = "sha256:360ccded2b7fce0af0ff80cc8f5942a1c5d99b0e856033acb030bfc634709e74"},
    {file = "platformdirs-4.11.0.tar.gz", hash = "sha256:0555d18370482847566ffabcaa53ad7c6c1c29f195989ae1ed634a05f76ea1e0"},
]

[[package]]
name = "pluggy"
version = "1.6.0"
description = "plugin and hook calling mechanisms for python"
optional = false
python-versions = ">=3.9"
files = [
    {file = "pluggy-1.6.0-py3-none-any.whl", hash = "sha256:e920276dd6813095e9377c0bc5566d94c932c33b27a3e3945d8389c374dd4746"},
    {file = "pluggy-1.6.0.tar.gz", hash = "sha256:7dcc130b76258d33b90f61b658791dede3486c3e6bfb003ee5c9bfb396dd22f3"},
]

[package.extras]
dev = ["pre-commit", "tox"]
testing = ["coverage", "pytest", "pytest-benchmark"]

[[package]]
name = "pycodestyle"
version = "2.14.0"
description = "Python style guide checker"
optional = false
python-versions = ">=3.9"
files = [
    {file = "pycodestyle-2.14.0-py2.py3-none-any.whl", hash = "sha256:dd6bf7cb4ee77f8e016f9c8e74a35ddd9f67e1d5fd4184d86c3b98e07099f42d"},
    {file = "pycodestyle-2.14.0.tar.gz", hash = "sha256:c4b5b517d278089ff9d0abdec919cd97262a3367449ea1c8b49b91529167b783"},
]

[[package]]
name = "pydocstyle"
version = "6.3.0"
description = "Python docstring style checker"
optional = false
python-versions = ">=3.6"
files = [
    {file = "pydocstyle-6.3.0-py3-none-any.whl", hash = "sha256:118762d452a49d6b05e194ef344a55822987a462831ade91ec5c06fd2169d019"},
    {file = "pydocstyle-6.3.0.tar.gz", hash = "sha256:7ce43f0c0ac87b07494eb9c0b462c0b73e6ff276807f204d6b53edc72b7e44e1"},
]

[package.dependencies]
snowballstemmer = ">=2.2.0"

[package.extras]
toml = ["tomli (>=1.2.3)"]

[[package]]
name = "pyflakes"
version = "3.4.0"
description = "passive checker of Python programs"
optional = false
python-versions = ">=3.9"
files = [
    {file = "pyflakes-3.4.0-py2.py3-none-any.whl", hash = "sha256:f742a7dbd0d9cb9ea41e9a24a918996e8170c799fa528688d40dd582c8265f4f"},
    {file = "pyflakes-3.4.0.tar.gz", hash = "sha256:b24f96fafb7d2ab0ec5075b7350b3d2d2218eab42003821c06344973d3ea2f58"},
]

[[package]]
name = "pyotp"
version = "2.10.0"
description = "Python One Time Password Library"
optional = false
python-versions = ">=3.8"
files = [
    {file = "pyotp-2.10.0-py3-none-any.whl", hash = "sha256:1df2f6a1bcc3bb0716172a5215ddc2f8c7c7fd26a13df9927d52e1746934836c"},
    {file = "pyotp-2.10.0.tar.gz", hash = "sha256:d01e9703443616b03c57c700b5cbffd56a1f929c1b0f8f03131bc78c1fca9d3f"},
]

[package.extras]
test = ["coverage", "mypy", "ruff", "wheel"]

[[package]]
name = "pypng"
version = "0.20220715.0"
description = "Pure Python library for saving and loading PNG images"
optional = false
python-versions = "*"
files = [
    {file = "pypng-0.20220715.0-py3-none-any.whl", hash = "sha256:4a43e969b8f5aaafb2a415536c1a8ec7e341cd6a3f957fd5b5f32a4cfeed902c"},
    {file = "pypng-0.20220715.0.tar.gz", hash = "sha256:739c433ba96f078315de54c0db975aee537cbc3e1d0ae4ed9aab0ca1e427e2c1"},
]

[[package]]
name = "pyproject-api"
version = "1.11.0"
description = "API to interact with the python pyproject.toml based projects"
optional = false
python-versions = ">=3.10"
files = [
    {file = "pyproject_api-1.11.0-py3-none-any.whl", hash = "sha256:860060c8832dce983b5eec6f41c4c43eb3ec06ff7332387a63acdf5ca27b68d8"},
    {file = "pyproject_api-1.11.0.tar.gz", hash = "sha256:b8807d85a293e6c9f133e6575946fed45f1d42b22d58c780b33aa2421a799549"},
]

[package.dependencies]
packaging = ">=25"

[[package]]
name = "python-discovery"
version = "1.5.1"
description = "Python interpreter discovery"
optional = false
python-versions = ">=3.8"
files = [
    {file = "python_discovery-1.5.1-py3-none-any.whl", hash = "sha256:ac07f44cade589d954e9d6a1e1468539fdddd2cf676beb51da73e0f156b7c932"},
    {file = "python_discovery-1.5.1.tar.gz", hash = "sha256:e2ea8b884cd1701f386eda8cf327b87743f1dc21b7f784470799537d95635384"},
]

[package.dependencies]
filelock = ">=3.15.4"

[[package]]
name = "qrcode"
version = "7.4.2"
description = "QR Code image generator"
optional = false
python-versions = ">=3.7"
files = [
    {file = "qrcode-7.4.2-py3-none-any.whl", hash = "sha256:581dca7a029bcb2deef5d01068e39093e80ef00b4a61098a2182eac59d01643a"},
    {file = "qrcode-7.4.2.tar.gz", hash = "sha256:9dd969454827e127dbd93696b20747239e6d540e082937c90f14ac95b30f5845"},
]

[package.dependencies]
colorama = {version = "*", markers = "platform_system == \"Windows\""}
pypng = "*"
typing-extensions = "*"

[package.extras]
all = ["pillow (>=9.1.0)", "pytest", "pytest-cov", "tox", "zest.releaser[recommended]"]
dev = ["pytest", "pytest-cov", "tox"]
maintainer = ["zest.releaser[recommended]"]
pil = ["pillow (>=9.1.0)"]
test = ["coverage", "pytest"]

[[package]]
name = "snowballstemmer"
version = "3.1.1"
description = "This package provides 36 stemmers for 34 languages generated from Snowball algorithms."
optional = false
python-versions = ">=3.3"
files = [
    {file = "snowballstemmer-3.1.1-py3-none-any.whl", hash = "sha256:7e207fa178741da09cdee59d3ecec3827ad5f92b1fc5c9ff3755b639f71f5752"},
    {file = "snowballstemmer-3.1.1.tar.gz", hash = "sha256:e07bbc54a0d798fe6010a12398422e62a8bfbba95c394fd0956ef58cb4d3e260"},
]

[[package]]
name = "tomli-w"
version = "1.2.0"
description = "A lil' TOML writer"
optional = false
python-versions = ">=3.9"
files = [
    {file = "tomli_w-1.2.0-py3-none-any.whl", hash = "sha256:188306098d013b691fcadc011abd66727d3c414c571bb01b1a174ba8c983cf90"},
    {file = "tomli_w-1.2.0.tar.gz", hash = "sha256:2dd14fac5a47c27be9cd4c976af5a12d87fb1f0b4512f81d69cce3b35ae25021"},
]

[[package]]
name = "tox"
version = "4.58.0"
description = "tox is a generic virtualenv management and test command line tool"
optional = false
python-versions = ">=3.10"
files = [
    {file = "tox-4.58.0-py3-none-any.whl", hash = "sha256:dcae21f5f015f3a67658e35644cce0d1aa0dedcd06f3927f95d84e1717f6cea5"},
    {file = "tox-4.58.0.tar.gz", hash = "sha256:ab0b126a04dd56bc18e6d216386db09335247f2289b54cf534deb5c4ae3a8d2e"},
]

[package.dependencies]
cachetools = ">=7.0.3"
colorama = ">=0.4.6"
filelock = ">=3.25"
packaging = ">=26"
platformdirs = ">=4.9.4"
pluggy = ">=1.6"
pyproject-api = ">=1.10"
python-discovery = ">=1.4.4"
tomli-w = ">=1.2"
virtualenv = ">=21.1"

[package.extras]
completion = ["argcomplete (>=3.6.3)"]
testing = ["devpi-process (>=1.1.1)", "pytest (>=9.0.2)", "pytest-mock (>=3.15.1)"]

[[package]]
name = "typing-extensions"
version = "4.16.0"
description = "Backported and Experimental Type Hints for Python 3.9+"
optional = false
python-versions = ">=3.9"
files = [
    {file = "typing_extensions-4.16.0-py3-none-any.whl", hash = "sha256:481caa481374e813c1b176ada14e97f1f67a4539ce9cfeb3f350d78d6370c2e8"},
    {file = "typing_extensions-4.16.0.tar.gz", hash = "sha256:dc983d19a509c94dba722ee6abd33940f7c05a89e243c47e907eb4db6f1a43e5"},
]

[[package]]
name = "virtualenv"
version = "21.7.1"
description = "Virtual Python Environment builder"
optional = false
python-versions = ">=3.9"
files = [
    {file = "virtualenv-21.7.1-py3-none-any.whl", hash = "sha256:6394973f990536e34c05157179146c020284c42fe01da1dfeb0ba16c345280d9"},
    {file = "virtualenv-21.7.1.tar.gz", hash = "sha256:d0dbfaa5483487baea28d7210ef8d24c9d1bd0f10f449eeb215568825a9b334e"},
]

[package.dependencies]
distlib = ">=0.3.7,<1"
filelock = {version = ">=3.24.2,<4", markers = "python_version >= \"3.10\""}
platformdirs = ">=3.9.1,<5"
python-discovery = ">=1.4.2"

[[package]]
name = "wtforms"
version = "3.2.2"
description = "Form validation and rendering for Python web development."
optional = false
python-versions = ">=3.10"
files = [
    {file = "wtforms-3.2.2-py3-none-any.whl", hash = "sha256:72b90d5d921bd3119252069cf0301e9c13915f9e52792652bc91c5dda4b79e56"},
    {file = "wtforms-3.2.2.tar.gz", hash = "sha256:7b00c73f8670f35d4edb0293dcd81b980528bee72fd662b182aaba27ae570b93"},
]

[package.dependencies]
markupsafe = ">=1.1.1"

[package.extras]
email = ["email-validator (>=2.0)"]

[metadata]
lock-version = "2.0"
python-versions = "^3.11"
content-hash = "33c1c8a9d19c4b9f97fd5d051ae2d04d2e41394a418506d9596dd96f2203c939"
